hash: 82f8b96da631b364b590c412409b8d470f9cf529c82d11df53e8a5d2b610b387
updated: 2017-03-26T22:22:52.459782457-07:00
imports:
- name: github.com/armon/go-socks5
  version: e75332964ef517daa070d7c38a9466a0d687e0a5
- name: github.com/aws/aws-sdk-go
  version: d122c9c0e1d875585918c85cf6eba7e5e43f221d
  subpackages:
  - aws
  - aws/awserr
  - aws/awsutil
  - aws/client
  - aws/client/metadata
  - aws/corehandlers
  - aws/credentials
  - aws/credentials/ec2rolecreds
  - aws/credentials/endpointcreds
  - aws/credentials/stscreds
  - aws/defaults
  - aws/ec2metadata
  - aws/endpoints
  - aws/request
  - aws/session
  - aws/signer/v4
  - private/protocol
  - private/protocol/json/jsonutil
  - private/protocol/jsonrpc
  - private/protocol/query
  - private/protocol/query/queryutil
  - private/protocol/rest
  - private/protocol/restjson
  - private/protocol/xml/xmlutil
  - service/iam
  - service/lambda
  - service/sts
- name: github.com/go-ini/ini
  version: 1730955e3146956d6a087861380f9b4667ed5071
- name: github.com/hashicorp/yamux
  version: d1caa6c97c9fc1cc9e83bbe34d0603f9ff0ce8bd
- name: github.com/jmespath/go-jmespath
  version: bd40a432e4c76585ef6b72d3fd96fb9b6dc7b68d
- name: github.com/pkg/errors
  version: 645ef00459ed84a119197bfb8d8205042c6df63d
- name: golang.org/x/crypto
  version: 459e26527287adbc2adcc5d0d49abff9a5f315a7
  subpackages:
  - curve25519
  - ed25519
  - ed25519/internal/edwards25519
  - ssh
- name: golang.org/x/net
  version: 6c23252515492caf9b228a9d5cabcdbde29f7f82
  subpackages:
  - context
testImports: []
