github.com/Yawning/chacha20 v0.0.0-20170904085104-e3b1f968fc63 h1:I6/SJSN9wJMJ+ZyQaCHUlzoTA4ypU5Bb44YWR1wTY/0=
github.com/Yawning/chacha20 v0.0.0-20170904085104-e3b1f968fc63/go.mod h1:nf+Komq6fVP4SwmKEaVGxHTyQGKREVlwjQKpvOV39yE=
github.com/aead/chacha20 v0.0.0-20170614051014-8d6ce0550041/go.mod h1:eHEWzANqSiWQsof+nXEI9bUVUyV6F53Fp89EuCh2EAA=
github.com/aws/aws-lambda-go v1.0.1 h1:zTaIkqVJzZIBXm0/3o/UCCWYVA4LeKo/fGBQVTVE2Ro=
github.com/aws/aws-lambda-go v1.0.1/go.mod h1:zUsUQhAUjYzR8AuduJPCfhBuKWUaDbQiPOG+ouzmE1A=
github.com/aws/aws-sdk-go v1.12.62 h1:8hXup7jc6PcRi7zJ1JZq5ZqkhCsMaoETF/rHJ7wR1z4=
github.com/aws/aws-sdk-go v1.12.62/go.mod h1:ZRmQr0FajVIyZ4ZzBYKG5P3ZqPz9IHG41ZoMu1ADI3k=
github.com/dan-v/gosocks5 v0.0.0-20171218225514-69190413d160 h1:rwSOMC/Q9qTsH2mcRbzvIrhk9faH7QrUvKxOjhpTCnI=
github.com/dan-v/gosocks5 v0.0.0-20171218225514-69190413d160/go.mod h1:LlDze9nhSOH+GmgliY7Z8tc9LMz2oyHoY0y0e8LJwbg=
github.com/dan-v/gost v0.0.0-20171218225532-25d135e41663 h1:IHIQHnPlTZvOLNNES88j3rYt1bIfHH5eHA5JCspbZIw=
github.com/dan-v/gost v0.0.0-20171218225532-25d135e41663/go.mod h1:KjVHbj2xLqGk0X7IOKIdqReHL2ZK/LPYe/yx9Y4bj8o=
github.com/dan-v/shadowsocks-go v0.0.0-20171218225457-a3924b5aead6 h1:pxRK0PSqnRWOvp/PFioOZbKQ1+A9MDpMJHLedfOKxQA=
github.com/dan-v/shadowsocks-go v0.0.0-20171218225457-a3924b5aead6/go.mod h1:OBGGWqC1IgSL6TUr55tqzEEsCgqHrFbf6qmeiAOrm04=
github.com/davecgh/go-spew v1.1.0 h1:ZDRjVQ15GmhC3fiQ8ni8+OwkZQO4DARzQgrnXU1Liz8=
github.com/davecgh/go-spew v1.1.0/go.mod h1:J7Y8YcW2NihsgmVo/mv3lAwl/skON4iLHjSsI+c5H38=
github.com/fsnotify/fsnotify v1.4.7 h1:IXs+QLmnXW2CcXuY+8Mzv/fWEsPGWxqefPtCP5CnV9I=
github.com/fsnotify/fsnotify v1.4.7/go.mod h1:jwhsz4b93w/PPRr/qN1Yymfu8t87LnFCMoQvtojpjFo=
github.com/go-ini/ini v1.32.0 h1:/MArBHSS0TFR28yPPDK1vPIjt4wUnPBfb81i6iiyKvA=
github.com/go-ini/ini v1.32.0/go.mod h1:ByCAeIL28uOIIG0E3PJtZPDL8WnHpFKFOtgjp+3Ies8=
github.com/golang/glog v0.0.0-20160126235308-23def4e6c14b h1:VKtxabqXZkF25pY9ekfRL6a582T4P37/31XEstQ5p58=
github.com/golang/glog v0.0.0-20160126235308-23def4e6c14b/go.mod h1:SBH7ygxi8pfUlaOkMMuAQtPIUF8ecWP5IEl/CR7VP2Q=
github.com/hashicorp/golang-lru v0.0.0-20160813221303-0a025b7e63ad h1:eMxs9EL0PvIGS9TTtxg4R+JxuPGav82J8rA+GFnY7po=
github.com/hashicorp/golang-lru v0.0.0-20160813221303-0a025b7e63ad/go.mod h1:/m3WP610KZHVQ1SGc6re/UDhFvYD7pJ4Ao+sR/qLZy8=
github.com/hashicorp/hcl v0.0.0-20171017181929-23c074d0eceb h1:1OvvPvZkn/yCQ3xBcM8y4020wdkMXPHLB4+NfoGWh4U=
github.com/hashicorp/hcl v0.0.0-20171017181929-23c074d0eceb/go.mod h1:oZtUIOe8dh44I2q6ScRibXws4Ajl+d+nod3AaR9vL5w=
github.com/hashicorp/yamux v0.0.0-20171219165022-683f49123a33 h1:S6bmV0Fu+TrrPC2kBQ6ov32au0/JPSk0hw2B1GOPdcw=
github.com/hashicorp/yamux v0.0.0-20171219165022-683f49123a33/go.mod h1:+NfK9FKeTrX5uv1uIXGdwYDTeHna2qgaIlx54MXqjAM=
github.com/inconshreveable/mousetrap v1.0.0/go.mod h1:PxqpIevigyE2G7u3NXJIT2ANytuPF1OarO4DADm73n8=
github.com/jmespath/go-jmespath v0.0.0-20160202185014-0b12d6b521d8 h1:12VvqtR6Aowv3l/EQUlocDHW2Cp4G9WJVH7uyH8QFJE=
github.com/jmespath/go-jmespath v0.0.0-20160202185014-0b12d6b521d8/go.mod h1:Nht3zPeWKUH0NzdCt2Blrr5ys8VGpn0CEB0cQHVjt7k=
github.com/klauspost/compress v1.2.1 h1:z1Ra6IKoPtIeVA8GV0SCQhuo6T4EBjlL9VwonZ8NYBo=
github.com/klauspost/compress v1.2.1/go.mod h1:RyIbtBH6LamlWaDj8nUwkbUhJ87Yi3uG0guNDohfE1A=
github.com/klauspost/cpuid v0.0.0-20170728055534-ae7887de9fa5 h1:2U0HzY8BJ8hVwDKIzp7y4voR9CX/nvcfymLmg2UiOio=
github.com/klauspost/cpuid v0.0.0-20170728055534-ae7887de9fa5/go.mod h1:Pj4uuM528wm8OyEC2QMXAi2YiTZ96dNQPGgoMS4s3ek=
github.com/klauspost/reedsolomon v0.0.0-20171001120606-6bb6130ff6a7 h1:F3ZbvS+uY0ONe4BnXccz9kxzfnqb8ndZ9DJev6kXEP8=
github.com/klauspost/reedsolomon v0.0.0-20171001120606-6bb6130ff6a7/go.mod h1:CwCi+NUr9pqSVktrkN+Ondf06rkhYZ/pcNv7fu+8Un4=
github.com/lucas-clemente/aes12 v0.0.0-20171027163421-cd47fb39b79f h1:sSeNEkJrs+0F9TUau0CgWTTNEwF23HST3Eq0A+QIx+A=
github.com/lucas-clemente/aes12 v0.0.0-20171027163421-cd47fb39b79f/go.mod h1:JpH9J1c9oX6otFSgdUHwUBUizmKlrMjxWnIAjff4m04=
github.com/lucas-clemente/fnv128a v0.0.0-20160504152609-393af48d3916 h1:BBilz74EccNZJD5AWJKb5j1TK1F5WbloW9dyD9WQ5oY=
github.com/lucas-clemente/fnv128a v0.0.0-20160504152609-393af48d3916/go.mod h1:31qAbuTRFIJASrl34sBxFDAVzDF22dO/GV7Lxw+Kmi8=
github.com/lucas-clemente/quic-go v0.5.0 h1:Q2eV3gF1uoPxxVx1+/R4qnKPlilFWIWjasC85oHZ2QY=
github.com/lucas-clemente/quic-go v0.5.0/go.mod h1:wuD+2XqEx8G9jtwx5ou2BEYBsE+whgQmlj0Vz/77PrY=
github.com/lucas-clemente/quic-go-certificates v0.0.0-20160823095156-d2f86524cced h1:zqEC1GJZFbGZA0tRyNZqRjep92K5fujFtFsu5ZW7Aug=
github.com/lucas-clemente/quic-go-certificates v0.0.0-20160823095156-d2f86524cced/go.mod h1:NCcRLrOTZbzhZvixZLlERbJtDtYsmMw8Jc4vS8Z0g58=
github.com/magiconair/properties v1.7.4 h1:UVo0TkHGd4lQSN1dVDzs9URCIgReuSIcCXpAVB9nZ80=
github.com/magiconair/properties v1.7.4/go.mod h1:PppfXfuXeibc/6YijjN8zIbojt8czPbwD3XqdrwzmxQ=
github.com/mitchellh/mapstructure v0.0.0-20180111000720-b4575eea38cc h1:5T6hzGUO5OrL6MdYXYoLQtRWJDDgjdlOVBn9mIqGY1g=
github.com/mitchellh/mapstructure v0.0.0-20180111000720-b4575eea38cc/go.mod h1:FVVH3fgwuzCH5S8UJGiWEs2h04kUh9fWfEaFds41c1Y=
github.com/pelletier/go-toml v1.0.1 h1:0nx4vKBl23+hEaCOV1mFhKS9vhhBtFYWC7rQY0vJAyE=
github.com/pelletier/go-toml v1.0.1/go.mod h1:5z9KED0ma1S8pY6P1sdut58dfprrGBbd/94hg7ilaic=
github.com/pkg/errors v0.8.0 h1:WdK/asTD0HN+q6hsWO3/vpuAkAr+tw6aNJNDFFf0+qw=
github.com/pkg/errors v0.8.0/go.mod h1:bwawxfHBFNV+L2hUp1rHADufV3IMtnDRdf1r5NINEl0=
github.com/pmezard/go-difflib v1.0.0 h1:4DBwDE0NGyQoBHbLQYPwSUPoCMWR5BEzIk/f1lZbAQM=
github.com/pmezard/go-difflib v1.0.0/go.mod h1:iKH77koFhYxTK1pcRnkKkqfTogsbg7gZNVY4sRDYZ/4=
github.com/spf13/afero v1.0.2 h1:5bRmqmInNmNFkI9NG9O0Xc/Lgl9wOWWUUA/O8XZqTCo=
github.com/spf13/afero v1.0.2/go.mod h1:j4pytiNVoe2o6bmDsKpLACNPDBIoEAkihy7loJ1B0CQ=
github.com/spf13/cast v1.1.0 h1:0Rhw4d6C8J9VPu6cjZLIhZ8+aAOHcDvGeKn+cq5Aq3k=
github.com/spf13/cast v1.1.0/go.mod h1:r2rcYCSwa1IExKTDiTfzaxqT2FNHs8hODu4LnUfgKEg=
github.com/spf13/cobra v0.0.0-20180115160933-0c34d16c3123 h1:q6iuSBmQzLC/v8wFROjMxVDNFXeev53yQKUtkoLhS10=
github.com/spf13/cobra v0.0.0-20180115160933-0c34d16c3123/go.mod h1:1l0Ry5zgKvJasoi3XT1TypsSe7PqH0Sj9dhYf7v3XqQ=
github.com/spf13/jwalterweatherman v0.0.0-20180109140146-7c0cea34c8ec h1:2ZXvIUGghLpdTVHR1UfvfrzoVlZaE/yOWC5LueIHZig=
github.com/spf13/jwalterweatherman v0.0.0-20180109140146-7c0cea34c8ec/go.mod h1:cQK4TGJAtQXfYWX+Ddv3mKDzgVb68N+wFjFa4jdeBTo=
github.com/spf13/pflag v1.0.0 h1:oaPbdDe/x0UncahuwiPxW1GYJyilRAdsPnq3e1yaPcI=
github.com/spf13/pflag v1.0.0/go.mod h1:DYY7MBk1bdzusC3SYhjObp+wFpr4gzcvqqNjLnInEg4=
github.com/spf13/viper v0.0.0-20171227194143-aafc9e6bc7b7 h1:Wj4cg2M6Um7j1N7yD/mxsdy1/wrsdjzVha2eWdOhti8=
github.com/spf13/viper v0.0.0-20171227194143-aafc9e6bc7b7/go.mod h1:A8kyI5cUJhb8N+3pkfONlcEcZbueH6nhAm0Fq7SrnBM=
github.com/stretchr/objx v0.1.0/go.mod h1:HFkY916IF+rwdDfMAkV7OtwuqBVzrE8GR6GFx+wExME=
github.com/stretchr/testify v1.3.0 h1:TivCn/peBQ7UY8ooIcPgZFpTNSz0Q2U6UrFlUfqbe0Q=
github.com/stretchr/testify v1.3.0/go.mod h1:M5WIy9Dh21IEIfnGCwXGc5bZfKNJtfHm1UVUgZn+9EI=
golang.org/x/crypto v0.0.0-20180112200814-13931e22f9e7 h1:bRxAJcr/ZrJIZeEC8Bv1hjCWUfDzHzppUajRw7oCDEY=
golang.org/x/crypto v0.0.0-20180112200814-13931e22f9e7/go.mod h1:6SG95UA2DQfeDnfUPMdvaQW0Q7yPrPDi9nlGo2tz2b4=
golang.org/x/net v0.0.0-20180112015858-5ccada7d0a7b h1:Xu6Gf1IrU0c8CSJqWR43Bh8vb+Ft3jVIUahRiqL1oaI=
golang.org/x/net v0.0.0-20180112015858-5ccada7d0a7b/go.mod h1:mL1N/T3taQHkDXs73rZJwtUhF3w3ftmwwsq0BUmARs4=
golang.org/x/sys v0.0.0-20180115085844-fff93fa7cd27 h1:2eRo0KjjtlqyGRczC03D310MeTk4ou0riPh/bEjOb2U=
golang.org/x/sys v0.0.0-20180115085844-fff93fa7cd27/go.mod h1:STP8DvDyc/dI5b8T5hshtkjS+E42TnysNCUPdjciGhY=
golang.org/x/text v0.0.0-20171227012246-e19ae1496984 h1:ulYJn/BqO4fMRe1xAQzWjokgjsQLPpb21GltxXHI3fQ=
golang.org/x/text v0.0.0-20171227012246-e19ae1496984/go.mod h1:NqM8EUOU14njkJ3fqMW+pc6Ldnwhi/IjpwHt7yyuwOQ=
gopkg.in/gorilla/websocket.v1 v1.2.0 h1:+YYJkB7L8rvTj3tSbl0ET+YsmjxiQYJUdey2GBLnSPo=
gopkg.in/gorilla/websocket.v1 v1.2.0/go.mod h1:Ons1i8d00TjvJPdla7bJyeXFsdOacUyrTYbg9IetsIE=
gopkg.in/xtaci/kcp-go.v2 v2.0.0-20170304104302-bf95749e1be2 h1:RGm7zeVXxNg+DPcoZRKEx+Is9CKIBuFigTo9uXNJztQ=
gopkg.in/xtaci/kcp-go.v2 v2.0.0-20170304104302-bf95749e1be2/go.mod h1:GjKWnDauZb22gouXjMMUNvyQof+0skR7DMHecA0KTQg=
gopkg.in/xtaci/smux.v1 v1.0.6 h1:33yzYC0YJBA8ImSos255pfw7aNYPj3NQJ14XG4kFJBU=
gopkg.in/xtaci/smux.v1 v1.0.6/go.mod h1:NbrPjLp8lNAYN8KqTplnFr2JjIBbr7CdHBkHtHsXtWA=
gopkg.in/yaml.v2 v2.0.0 h1:uUkhRGrsEyx/laRdeS6YIQKIys8pg+lRSRdVMTYjivs=
gopkg.in/yaml.v2 v2.0.0/go.mod h1:JAlM8MvJe8wmxCU4Bli9HhUf9+ttbYbLASfIpnQbh74=
