# This file is autogenerated, do not edit; changes may be undone by the next 'dep ensure'.


[[projects]]
  branch = "master"
  name = "github.com/Yawning/chacha20"
  packages = ["."]
  revision = "70289bb2131350877f4b969b94ac4cf22eef9aa1"

[[projects]]
  branch = "master"
  name = "github.com/aead/chacha20"
  packages = [".","chacha"]
  revision = "8d6ce0550041f9d97e7f15ec27ed489f8bbbb0fb"

[[projects]]
  name = "github.com/aws/aws-sdk-go"
  packages = ["aws","aws/awserr","aws/awsutil","aws/client","aws/client/metadata","aws/corehandlers","aws/credentials","aws/credentials/ec2rolecreds","aws/credentials/endpointcreds","aws/credentials/stscreds","aws/defaults","aws/ec2metadata","aws/endpoints","aws/request","aws/session","aws/signer/v4","internal/shareddefaults","private/protocol","private/protocol/json/jsonutil","private/protocol/jsonrpc","private/protocol/query","private/protocol/query/queryutil","private/protocol/rest","private/protocol/restjson","private/protocol/xml/xmlutil","service/iam","service/lambda","service/sts"]
  revision = "afd601335e2a72d43caa3af6bd2abe512fcc3bfd"
  version = "v1.10.14"

[[projects]]
  branch = "master"
  name = "github.com/dan-v/gosocks5"
  packages = ["."]
  revision = "ef44f49a65f78becbc51e9e39c1ac9c5da83c635"

[[projects]]
  branch = "master"
  name = "github.com/dan-v/gost"
  packages = ["."]
  revision = "4584d21a7c2114475c96aa380eec317ad11943fa"

[[projects]]
  branch = "master"
  name = "github.com/dan-v/shadowsocks-go"
  packages = ["shadowsocks"]
  revision = "27e87f69acb3692f5135736940809ab20329b643"

[[projects]]
  name = "github.com/fsnotify/fsnotify"
  packages = ["."]
  revision = "629574ca2a5df945712d3079857300b5e4da0236"
  version = "v1.4.2"

[[projects]]
  name = "github.com/go-ini/ini"
  packages = ["."]
  revision = "d3de07a94d22b4a0972deb4b96d790c2c0ce8333"
  version = "v1.28.0"

[[projects]]
  branch = "master"
  name = "github.com/golang/glog"
  packages = ["."]
  revision = "23def4e6c14b4da8ac2ed8007337bc5eb5007998"

[[projects]]
  branch = "master"
  name = "github.com/hashicorp/golang-lru"
  packages = [".","simplelru"]
  revision = "0a025b7e63adc15a622f29b0b2c4c3848243bbf6"

[[projects]]
  branch = "master"
  name = "github.com/hashicorp/hcl"
  packages = [".","hcl/ast","hcl/parser","hcl/scanner","hcl/strconv","hcl/token","json/parser","json/scanner","json/token"]
  revision = "392dba7d905ed5d04a5794ba89f558b27e2ba1ca"

[[projects]]
  branch = "master"
  name = "github.com/hashicorp/yamux"
  packages = ["."]
  revision = "d1caa6c97c9fc1cc9e83bbe34d0603f9ff0ce8bd"

[[projects]]
  branch = "master"
  name = "github.com/inconshreveable/mousetrap"
  packages = ["."]
  revision = "76626ae9c91c4f2a10f34cad8ce83ea42c93bb75"

[[projects]]
  name = "github.com/jmespath/go-jmespath"
  packages = ["."]
  revision = "3433f3ea46d9f8019119e7dd41274e112a2359a9"
  version = "0.2.2"

[[projects]]
  name = "github.com/klauspost/compress"
  packages = ["snappy"]
  revision = "6c8db69c4b49dd4df1fff66996cf556176d0b9bf"
  version = "v1.2.1"

[[projects]]
  name = "github.com/klauspost/cpuid"
  packages = ["."]
  revision = "09cded8978dc9e80714c4d85b0322337b0a1e5e0"
  version = "v1.0"

[[projects]]
  name = "github.com/klauspost/reedsolomon"
  packages = ["."]
  revision = "0dd0a0e50cf08519ef842f23ad6108552adc31c5"
  version = "v1.4"

[[projects]]
  branch = "master"
  name = "github.com/lucas-clemente/aes12"
  packages = ["."]
  revision = "25700e67be5c860bcc999137275b9ef8b65932bd"

[[projects]]
  branch = "master"
  name = "github.com/lucas-clemente/fnv128a"
  packages = ["."]
  revision = "393af48d391698c6ae4219566bfbdfef67269997"

[[projects]]
  name = "github.com/lucas-clemente/quic-go"
  packages = [".","ackhandler","congestion","crypto","flowcontrol","frames","h2quic","handshake","protocol","qerr","utils"]
  revision = "d51a4a1ba70df8c2d5c4522c071aaa225690a11d"
  version = "v0.5.0"

[[projects]]
  branch = "master"
  name = "github.com/lucas-clemente/quic-go-certificates"
  packages = ["."]
  revision = "d2f86524cced5186554df90d92529757d22c1cb6"

[[projects]]
  name = "github.com/magiconair/properties"
  packages = ["."]
  revision = "be5ece7dd465ab0765a9682137865547526d1dfb"
  version = "v1.7.3"

[[projects]]
  branch = "master"
  name = "github.com/mitchellh/mapstructure"
  packages = ["."]
  revision = "d0303fe809921458f417bcf828397a65db30a7e4"

[[projects]]
  name = "github.com/pelletier/go-buffruneio"
  packages = ["."]
  revision = "c37440a7cf42ac63b919c752ca73a85067e05992"
  version = "v0.2.0"

[[projects]]
  name = "github.com/pelletier/go-toml"
  packages = ["."]
  revision = "5ccdfb18c776b740aecaf085c4d9a2779199c279"
  version = "v1.0.0"

[[projects]]
  name = "github.com/pkg/errors"
  packages = ["."]
  revision = "645ef00459ed84a119197bfb8d8205042c6df63d"
  version = "v0.8.0"

[[projects]]
  branch = "master"
  name = "github.com/spf13/afero"
  packages = [".","mem"]
  revision = "9be650865eab0c12963d8753212f4f9c66cdcf12"

[[projects]]
  name = "github.com/spf13/cast"
  packages = ["."]
  revision = "acbeb36b902d72a7a4c18e8f3241075e7ab763e4"
  version = "v1.1.0"

[[projects]]
  branch = "master"
  name = "github.com/spf13/cobra"
  packages = ["."]
  revision = "715f41bd7a70b5111f898b71ab484da52ee6266d"

[[projects]]
  branch = "master"
  name = "github.com/spf13/jwalterweatherman"
  packages = ["."]
  revision = "0efa5202c04663c757d84f90f5219c1250baf94f"

[[projects]]
  branch = "master"
  name = "github.com/spf13/pflag"
  packages = ["."]
  revision = "e57e3eeb33f795204c1ca35f56c44f83227c6e66"

[[projects]]
  branch = "master"
  name = "github.com/spf13/viper"
  packages = ["."]
  revision = "25b30aa063fc18e48662b86996252eabdcf2f0c7"

[[projects]]
  branch = "master"
  name = "golang.org/x/crypto"
  packages = ["blowfish","cast5","curve25519","ed25519","ed25519/internal/edwards25519","hkdf","pbkdf2","salsa20","salsa20/salsa","ssh","tea","twofish","xtea"]
  revision = "6914964337150723782436d56b3f21610a74ce7b"

[[projects]]
  branch = "master"
  name = "golang.org/x/net"
  packages = ["bpf","http2","http2/hpack","idna","internal/iana","internal/socket","ipv4","lex/httplex"]
  revision = "ab5485076ff3407ad2d02db054635913f017b0ed"

[[projects]]
  branch = "master"
  name = "golang.org/x/sys"
  packages = ["unix"]
  revision = "c4489faa6e5ab84c0ef40d6ee878f7a030281f0f"

[[projects]]
  branch = "master"
  name = "golang.org/x/text"
  packages = ["internal/gen","internal/triegen","internal/ucd","secure/bidirule","transform","unicode/bidi","unicode/cldr","unicode/norm","unicode/rangetable"]
  revision = "836efe42bb4aa16aaa17b9c155d8813d336ed720"

[[projects]]
  name = "gopkg.in/gorilla/websocket.v1"
  packages = ["."]
  revision = "ea4d1f681babbce9545c9c5f3d5194a789c89f5b"
  version = "v1.2.0"

[[projects]]
  name = "gopkg.in/xtaci/kcp-go.v2"
  packages = ["."]
  revision = "bf95749e1be2a3f152ba0004eae0c4f47fbf1251"
  version = "v2.21"

[[projects]]
  name = "gopkg.in/xtaci/smux.v1"
  packages = ["."]
  revision = "a1a5df8f92af764f378f07d6a3dd8eb3f7aa190a"
  version = "v1.0.5"

[[projects]]
  branch = "v2"
  name = "gopkg.in/yaml.v2"
  packages = ["."]
  revision = "25c4ec802a7d637f88d584ab26798e94ad14c13b"

[solve-meta]
  analyzer-name = "dep"
  analyzer-version = 1
  inputs-digest = "6acaad9258b42ccc7a5dcfb144590d6b3c7c3de02f190db05044d392fbb9aedc"
  solver-name = "gps-cdcl"
  solver-version = 1
